
Microsoft Visual Studio Solution File, Format Version 12.00
# Visual Studio Version 17
VisualStudioVersion = 17.14.36212.18
MinimumVisualStudioVersion = 10.0.40219.1
Project("{FAE04EC0-301F-11D3-BF4B-00C04F79EFBC}") = "TodoMvcSystemTests", "TodoMvcSystemTests.csproj", "{9EFD482D-2670-4D71-83F5-2A8D9B0085FA}"
EndProject
Global
	GlobalSection(SolutionConfigurationPlatforms) = preSolution
		Debug|Any CPU = Debug|Any CPU
		Release|Any CPU = Release|Any CPU
	EndGlobalSection
	GlobalSection(ProjectConfigurationPlatforms) = postSolution
		{9EFD482D-2670-4D71-83F5-2A8D9B0085FA}.Debug|Any CPU.ActiveCfg = Debug|Any CPU
		{9EFD482D-2670-4D71-83F5-2A8D9B0085FA}.Debug|Any CPU.Build.0 = Debug|Any CPU
		{9EFD482D-2670-4D71-83F5-2A8D9B0085FA}.Release|Any CPU.ActiveCfg = Release|Any CPU
		{9EFD482D-2670-4D71-83F5-2A8D9B0085FA}.Release|Any CPU.Build.0 = Release|Any CPU
	EndGlobalSection
	GlobalSection(SolutionProperties) = preSolution
		HideSolutionNode = FALSE
	EndGlobalSection
	GlobalSection(ExtensibilityGlobals) = postSolution
		SolutionGuid = {423F884C-204A-43DB-89E8-07877AAF53A9}
	EndGlobalSection
EndGlobal
